<Solution>
  <Folder Name="/Solution Items/">
    <File Path=".gitignore" />
    <File Path="Directory.Packages.props" />
    <File Path="LICENSE.txt" />
    <File Path="README.md" />
  </Folder>
  <Project Path="law-nlp-processor/law-nlp-processor.fsproj" />
  <Project Path="LawNlp.Tests/LawNlp.Tests.fsproj" Id="a03a3b64-7424-4e0f-8677-d78dd437e4e7" />
</Solution>
